{
  "name": "deltachat-command-api",
  "version": "1.0.0",
  "lockfileVersion": 1,
  "requires": true,
  "dependencies": {
    "@types/node": {
      "version": "13.13.1",
      "resolved": "https://registry.npmjs.org/@types/node/-/node-13.13.1.tgz",
      "integrity": "sha512-uysqysLJ+As9jqI5yqjwP3QJrhOcUwBjHUlUxPxjbplwKoILvXVsmYWEhfmAQlrPfbRZmhJB007o4L9sKqtHqQ==",
      "dev": true
    },
    "@types/ws": {
      "version": "7.2.4",
      "resolved": "https://registry.npmjs.org/@types/ws/-/ws-7.2.4.tgz",
      "integrity": "sha512-9S6Ask71vujkVyeEXKxjBSUV8ZUB0mjL5la4IncBoheu04bDaYyUKErh1BQcY9+WzOUOiKqz/OnpJHYckbMfNg==",
      "dev": true,
      "requires": {
        "@types/node": "*"
      }
    },
    "isomorphic-ws": {
      "version": "4.0.1",
      "resolved": "https://registry.npmjs.org/isomorphic-ws/-/isomorphic-ws-4.0.1.tgz",
      "integrity": "sha512-BhBvN2MBpWTaSHdWRb/bwdZJ1WaehQ2L1KngkCkfLUGF0mAWAT1sQUQacEmQ0jXkFw/czDXPNQSL5u2/Krsz1w=="
    },
    "prettier": {
      "version": "2.0.5",
      "resolved": "https://registry.npmjs.org/prettier/-/prettier-2.0.5.tgz",
      "integrity": "sha512-7PtVymN48hGcO4fGjybyBSIWDsLU4H4XlvOHfq91pz9kkGlonzwTfYkaIEwiRg/dAJF9YlbsduBAgtYLi+8cFg==",
      "dev": true
    },
    "typescript": {
      "version": "3.7.3",
      "resolved": "https://registry.npmjs.org/typescript/-/typescript-3.7.3.tgz",
      "integrity": "sha512-Mcr/Qk7hXqFBXMN7p7Lusj1ktCBydylfQM/FZCk5glCNQJrCUKPkMHdo9R0MTFWsC/4kPFvDS0fDPvukfCkFsw=="
    },
    "ws": {
      "version": "7.4.6",
      "resolved": "https://registry.npmjs.org/ws/-/ws-7.4.6.tgz",
      "integrity": "sha512-YmhHDO4MzaDLB+M9ym/mDA5z0naX8j7SIlT8f8z+I0VtzsRbekxEutHSme7NPS2qE8StCYQNUnfWdXta/Yu85A=="
    }
  }
}
